
Microsoft Visual Studio Solution File, Format Version 12.00
# Visual Studio Version 17
VisualStudioVersion = 17.13.35919.96 d17.13
MinimumVisualStudioVersion = 10.0.40219.1
Project("{FAE04EC0-301F-11D3-BF4B-00C04F79EFBC}") = "eTickets", "eTickets\eTickets.csproj", "{2E2889F2-09FA-470E-B65B-557ECC2D5B77}"
EndProject
Global
	GlobalSection(SolutionConfigurationPlatforms) = preSolution
		Debug|Any CPU = Debug|Any CPU
		Release|Any CPU = Release|Any CPU
	EndGlobalSection
	GlobalSection(ProjectConfigurationPlatforms) = postSolution
		{2E2889F2-09FA-470E-B65B-557ECC2D5B77}.Debug|Any CPU.ActiveCfg = Debug|Any CPU
		{2E2889F2-09FA-470E-B65B-557ECC2D5B77}.Debug|Any CPU.Build.0 = Debug|Any CPU
		{2E2889F2-09FA-470E-B65B-557ECC2D5B77}.Release|Any CPU.ActiveCfg = Release|Any CPU
		{2E2889F2-09FA-470E-B65B-557ECC2D5B77}.Release|Any CPU.Build.0 = Release|Any CPU
	EndGlobalSection
	GlobalSection(SolutionProperties) = preSolution
		HideSolutionNode = FALSE
	EndGlobalSection
	GlobalSection(ExtensibilityGlobals) = postSolution
		SolutionGuid = {7C6DFF4C-2007-4290-9E0A-37D192718688}
	EndGlobalSection
EndGlobal
